
Microsoft Visual Studio Solution File, Format Version 12.00
# Visual Studio Version 17
VisualStudioVersion = 17.8.34525.116
MinimumVisualStudioVersion = 10.0.40219.1
Project("{2150E333-8FDC-42A3-9474-1A3956D46DE8}") = "src", "src", "{3E43BCDD-1DD4-428C-BAF0-B6FF1559533E}"
EndProject
Project("{2150E333-8FDC-42A3-9474-1A3956D46DE8}") = "test", "test", "{6606AF07-5D3A-4D67-8003-276D0BE8AE0C}"
EndProject
Project("{9A19103F-16F7-4668-BE54-9A1E7A4F7556}") = "Bookify.Domain", "Bookify.Domain\Bookify.Domain.csproj", "{B7F02C80-D012-43EC-80EB-B3B06E63465F}"
EndProject
Project("{9A19103F-16F7-4668-BE54-9A1E7A4F7556}") = "Bookify.Application", "Bookify.Application\Bookify.Application.csproj", "{60A46874-9DA8-4139-9501-C4D96825F8E9}"
EndProject
Project("{9A19103F-16F7-4668-BE54-9A1E7A4F7556}") = "Bookify.Infrastructure", "Bookify.Infrastructure\Bookify.Infrastructure.csproj", "{D995461A-A653-48B4-9337-0349FBFCE062}"
EndProject
Project("{FAE04EC0-301F-11D3-BF4B-00C04F79EFBC}") = "Bookify.Api", "Bookify.Api\Bookify.Api.csproj", "{F5EB293A-FA0C-4063-8A02-84800EE40DDA}"
EndProject
Project("{E53339B2-1760-4266-BCC7-CA923CBCF16C}") = "docker-compose", "docker-compose.dcproj", "{73A07319-01F5-41CB-ACF2-2CF1A22A03BF}"
EndProject
Global
	GlobalSection(SolutionConfigurationPlatforms) = preSolution
		Debug|Any CPU = Debug|Any CPU
		Release|Any CPU = Release|Any CPU
	EndGlobalSection
	GlobalSection(ProjectConfigurationPlatforms) = postSolution
		{B7F02C80-D012-43EC-80EB-B3B06E63465F}.Debug|Any CPU.ActiveCfg = Debug|Any CPU
		{B7F02C80-D012-43EC-80EB-B3B06E63465F}.Debug|Any CPU.Build.0 = Debug|Any CPU
		{B7F02C80-D012-43EC-80EB-B3B06E63465F}.Release|Any CPU.ActiveCfg = Release|Any CPU
		{B7F02C80-D012-43EC-80EB-B3B06E63465F}.Release|Any CPU.Build.0 = Release|Any CPU
		{60A46874-9DA8-4139-9501-C4D96825F8E9}.Debug|Any CPU.ActiveCfg = Debug|Any CPU
		{60A46874-9DA8-4139-9501-C4D96825F8E9}.Debug|Any CPU.Build.0 = Debug|Any CPU
		{60A46874-9DA8-4139-9501-C4D96825F8E9}.Release|Any CPU.ActiveCfg = Release|Any CPU
		{60A46874-9DA8-4139-9501-C4D96825F8E9}.Release|Any CPU.Build.0 = Release|Any CPU
		{D995461A-A653-48B4-9337-0349FBFCE062}.Debug|Any CPU.ActiveCfg = Debug|Any CPU
		{D995461A-A653-48B4-9337-0349FBFCE062}.Debug|Any CPU.Build.0 = Debug|Any CPU
		{D995461A-A653-48B4-9337-0349FBFCE062}.Release|Any CPU.ActiveCfg = Release|Any CPU
		{D995461A-A653-48B4-9337-0349FBFCE062}.Release|Any CPU.Build.0 = Release|Any CPU
		{F5EB293A-FA0C-4063-8A02-84800EE40DDA}.Debug|Any CPU.ActiveCfg = Debug|Any CPU
		{F5EB293A-FA0C-4063-8A02-84800EE40DDA}.Debug|Any CPU.Build.0 = Debug|Any CPU
		{F5EB293A-FA0C-4063-8A02-84800EE40DDA}.Release|Any CPU.ActiveCfg = Release|Any CPU
		{F5EB293A-FA0C-4063-8A02-84800EE40DDA}.Release|Any CPU.Build.0 = Release|Any CPU
		{73A07319-01F5-41CB-ACF2-2CF1A22A03BF}.Debug|Any CPU.ActiveCfg = Debug|Any CPU
		{73A07319-01F5-41CB-ACF2-2CF1A22A03BF}.Debug|Any CPU.Build.0 = Debug|Any CPU
		{73A07319-01F5-41CB-ACF2-2CF1A22A03BF}.Release|Any CPU.ActiveCfg = Release|Any CPU
		{73A07319-01F5-41CB-ACF2-2CF1A22A03BF}.Release|Any CPU.Build.0 = Release|Any CPU
	EndGlobalSection
	GlobalSection(SolutionProperties) = preSolution
		HideSolutionNode = FALSE
	EndGlobalSection
	GlobalSection(NestedProjects) = preSolution
		{B7F02C80-D012-43EC-80EB-B3B06E63465F} = {3E43BCDD-1DD4-428C-BAF0-B6FF1559533E}
		{60A46874-9DA8-4139-9501-C4D96825F8E9} = {3E43BCDD-1DD4-428C-BAF0-B6FF1559533E}
		{D995461A-A653-48B4-9337-0349FBFCE062} = {3E43BCDD-1DD4-428C-BAF0-B6FF1559533E}
		{F5EB293A-FA0C-4063-8A02-84800EE40DDA} = {3E43BCDD-1DD4-428C-BAF0-B6FF1559533E}
	EndGlobalSection
	GlobalSection(ExtensibilityGlobals) = postSolution
		SolutionGuid = {5CAF54E8-47D1-4FA6-A608-B12FDC01173E}
	EndGlobalSection
EndGlobal
